
Microsoft Visual Studio Solution File, Format Version 12.00
# Visual Studio 15
VisualStudioVersion = 15.0.26730.12
MinimumVisualStudioVersion = 10.0.40219.1
Project("{FAE04EC0-301F-11D3-BF4B-00C04F79EFBC}") = "Goldpoint1.0", "Goldpoint1.0\Goldpoint1.0.csproj", "{8678B134-A78D-4EB6-80C5-988C643372BC}"
EndProject
Global
	GlobalSection(SolutionConfigurationPlatforms) = preSolution
		Debug|Any CPU = Debug|Any CPU
		Release|Any CPU = Release|Any CPU
	EndGlobalSection
	GlobalSection(ProjectConfigurationPlatforms) = postSolution
		{8678B134-A78D-4EB6-80C5-988C643372BC}.Debug|Any CPU.ActiveCfg = Debug|Any CPU
		{8678B134-A78D-4EB6-80C5-988C643372BC}.Debug|Any CPU.Build.0 = Debug|Any CPU
		{8678B134-A78D-4EB6-80C5-988C643372BC}.Release|Any CPU.ActiveCfg = Release|Any CPU
		{8678B134-A78D-4EB6-80C5-988C643372BC}.Release|Any CPU.Build.0 = Release|Any CPU
	EndGlobalSection
	GlobalSection(SolutionProperties) = preSolution
		HideSolutionNode = FALSE
	EndGlobalSection
	GlobalSection(ExtensibilityGlobals) = postSolution
		SolutionGuid = {B6D7AA07-4460-42F9-8DA8-7D01EEFF6328}
	EndGlobalSection
EndGlobal
